
Microsoft Visual Studio Solution File, Format Version 12.00
Project("{FAE04EC0-301F-11D3-BF4B-00C04F79EFBC}") = "kattis", "kattis\kattis.csproj", "{94670E0D-DBBE-4729-A410-199582D02C84}"
EndProject
Global
	GlobalSection(SolutionConfigurationPlatforms) = preSolution
		Debug|Any CPU = Debug|Any CPU
		Release|Any CPU = Release|Any CPU
	EndGlobalSection
	GlobalSection(ProjectConfigurationPlatforms) = postSolution
		{94670E0D-DBBE-4729-A410-199582D02C84}.Debug|Any CPU.ActiveCfg = Debug|Any CPU
		{94670E0D-DBBE-4729-A410-199582D02C84}.Debug|Any CPU.Build.0 = Debug|Any CPU
		{94670E0D-DBBE-4729-A410-199582D02C84}.Release|Any CPU.ActiveCfg = Release|Any CPU
		{94670E0D-DBBE-4729-A410-199582D02C84}.Release|Any CPU.Build.0 = Release|Any CPU
	EndGlobalSection
EndGlobal
